PODS:
  - FBSnapshotTestCase (2.1.4):
    - FBSnapshotTestCase/SwiftSupport (= 2.1.4)
  - FBSnapshotTestCase/Core (2.1.4)
  - FBSnapshotTestCase/SwiftSupport (2.1.4):
    - FBSnapshotTestCase/Core
  - YDPodDemoLib/JFNotices (0.1.5)

DEPENDENCIES:
  - FBSnapshotTestCase
  - YDPodDemoLib/JFNotices (from `../`)

SPEC REPOS:
  https://github.com/cocoapods/specs.git:
    - FBSnapshotTestCase

EXTERNAL SOURCES:
  YDPodDemoLib:
    :path: "../"

SPEC CHECKSUMS:
  FBSnapshotTestCase: 094f9f314decbabe373b87cc339bea235a63e07a
  YDPodDemoLib: 6153e5594acd9bcbf71459f768da242f3dae1c72

PODFILE CHECKSUM: 50bebffe07cd30a092ccdad40bd1dfba66541bae

COCOAPODS: 1.7.2
